# THIS IS AN AUTOGENERATED FILE. DO NOT EDIT THIS FILE DIRECTLY.
# yarn lockfile v1


"@next/env@12.2.4-canary.7":
  version "12.2.4-canary.7"
  resolved "https://registry.yarnpkg.com/@next/env/-/env-12.2.4-canary.7.tgz#e950b75b48b305d7a30d7188d0f60d0df859f4ac"
  integrity sha512-MutzKiqXTifrOnutVvsBM/Qkrs24aVBbut3y2bs0m5KB3x2KmRCPKcR+gBAZEdaN9e6XdsaaFGyKnv+0Zf4Fyg==

"@next/swc-android-arm-eabi@12.2.4-canary.7":
  version "12.2.4-canary.7"
  resolved "https://registry.yarnpkg.com/@next/swc-android-arm-eabi/-/swc-android-arm-eabi-12.2.4-canary.7.tgz#c405656ea28bb5d24c3e3b121166604aadd4aefa"
  integrity sha512-sPKWkpcaeA0FIiCI3pq/+5jCyMznp4SppuMugTYnPVQD2pByddcUet9+JihhRCsWmiLAn3+KuiishtEX6pGgIA==

"@next/swc-android-arm64@12.2.4-canary.7":
  version "12.2.4-canary.7"
  resolved "https://registry.yarnpkg.com/@next/swc-android-arm64/-/swc-android-arm64-12.2.4-canary.7.tgz#fcba7f09f2e925f964e55f77c53184b5e5398b4f"
  integrity sha512-VNFjLFChvhnjI34JSsKcyl0/fkPrQXuDyg/gydHqracEzykaws63/P8MM9UHkFP1VoCwK/XhoyUtA6gC7SjjCQ==

"@next/swc-darwin-arm64@12.2.4-canary.7":
  version "12.2.4-canary.7"
  resolved "https://registry.yarnpkg.com/@next/swc-darwin-arm64/-/swc-darwin-arm64-12.2.4-canary.7.tgz#950c29be4402564eed0c28b435b68cca2f04af12"
  integrity sha512-HHe/3xy7izgBTsHPQOjdT7ys7R0VIK9zHdFF0YS2qys7f/9buCqkAEAE7By2SjrQ/+7hz3lsCvokUhGcLCvZMg==

"@next/swc-darwin-x64@12.2.4-canary.7":
  version "12.2.4-canary.7"
  resolved "https://registry.yarnpkg.com/@next/swc-darwin-x64/-/swc-darwin-x64-12.2.4-canary.7.tgz#930737121c312ec2e4242efe5b2b1a0198c947ec"
  integrity sha512-EPRg5rD8aeXqxAUeF9ugZZ5CZnUlNYI5igCvvZ5m19ww7WTCvav4SEEuMYgaIldSHSp7/pcSVY65Zs+O+8wgEQ==

"@next/swc-freebsd-x64@12.2.4-canary.7":
  version "12.2.4-canary.7"
  resolved "https://registry.yarnpkg.com/@next/swc-freebsd-x64/-/swc-freebsd-x64-12.2.4-canary.7.tgz#9f0dbcf31adc6d7c21fed1274057e10e9e40f7ca"
  integrity sha512-nz+5unf9TTkcPT0ym0pXx0LOndHMO1LmHV5sCTCVzF/RHovNa+5VnwuKlBpmS4txH3aXoCq8AbPmcfd/1OswmA==

"@next/swc-linux-arm-gnueabihf@12.2.4-canary.7":
  version "12.2.4-canary.7"
  resolved "https://registry.yarnpkg.com/@next/swc-linux-arm-gnueabihf/-/swc-linux-arm-gnueabihf-12.2.4-canary.7.tgz#d5b52c56851acf05954cbf036be5e47839c386e1"
  integrity sha512-NH+zRATyWwzsDaAzogjN/5XBFFfGZQGlHj8rnzhrGSbddatpldpRJ5egGXgkuZFcz2J0Q1woRpVYYOYU/LEEtw==

"@next/swc-linux-arm64-gnu@12.2.4-canary.7":
  version "12.2.4-canary.7"
  resolved "https://registry.yarnpkg.com/@next/swc-linux-arm64-gnu/-/swc-linux-arm64-gnu-12.2.4-canary.7.tgz#22bb1a91e2e540e5d934e1476db9efaff7b54164"
  integrity sha512-Z8y63W3SRK2hmt7J9I7gNaBPcHQRA/R6b230ouTmyBBVws07PTe1hq01QsjtI6EDFQrn+1B6ZtUqYR/j6Pzhdg==

"@next/swc-linux-arm64-musl@12.2.4-canary.7":
  version "12.2.4-canary.7"
  resolved "https://registry.yarnpkg.com/@next/swc-linux-arm64-musl/-/swc-linux-arm64-musl-12.2.4-canary.7.tgz#e9c963fa3b6d56883bc0cce19326493deae12bf5"
  integrity sha512-L5RKf9heIjXCn90M77m88X9nW12nXDuQM+bkLForWTYLMzmI8IfiRaFyCsZavnW/XqHFO9ixByga8xj75eiQVA==

"@next/swc-linux-x64-gnu@12.2.4-canary.7":
  version "12.2.4-canary.7"
  resolved "https://registry.yarnpkg.com/@next/swc-linux-x64-gnu/-/swc-linux-x64-gnu-12.2.4-canary.7.tgz#a2a5fe514468116b86d5719a6a726efbf7e27a73"
  integrity sha512-JTNItFmNbvTIil17TUU+iBsPLRHu/315wN921W+use+ZTiA+SccIowuNAFz43rNFNX0vy6DIxs4j/+ag2n48VA==

"@next/swc-linux-x64-musl@12.2.4-canary.7":
  version "12.2.4-canary.7"
  resolved "https://registry.yarnpkg.com/@next/swc-linux-x64-musl/-/swc-linux-x64-musl-12.2.4-canary.7.tgz#d62e6d2fed9e825ae8dab411946b56c4df968ac2"
  integrity sha512-l8NlkV6DiTR42sxrGLbnk0EUfZw24R82wLyGFw6s9SPMQKYSdekmSEyXrcML0emRg0oWYoMoFQD+y93jNBbUVg==

"@next/swc-win32-arm64-msvc@12.2.4-canary.7":
  version "12.2.4-canary.7"
  resolved "https://registry.yarnpkg.com/@next/swc-win32-arm64-msvc/-/swc-win32-arm64-msvc-12.2.4-canary.7.tgz#96a047f678c87d7a5230e9f0c8667d2da3dfb805"
  integrity sha512-BK3500XBhn0vQ2Jk8jcJoLw6PBX0IzK1jabaK5lz7tJ8gdLdr7eJRVrCAekaswiieo80hBcmHpgGPH4P4m9Qug==

"@next/swc-win32-ia32-msvc@12.2.4-canary.7":
  version "12.2.4-canary.7"
  resolved "https://registry.yarnpkg.com/@next/swc-win32-ia32-msvc/-/swc-win32-ia32-msvc-12.2.4-canary.7.tgz#5fdb7a9f9cd5d11c78ed079848fcac3ca858edf4"
  integrity sha512-1fm8i/oFZAfpoRKjLu3Al0M+JbTKLfWlmK7SvlTXm1a3poSChlxGEuDM81b3y5LzVgxw1tECGfe+Fp7ek+3pFQ==

"@next/swc-win32-x64-msvc@12.2.4-canary.7":
  version "12.2.4-canary.7"
  resolved "https://registry.yarnpkg.com/@next/swc-win32-x64-msvc/-/swc-win32-x64-msvc-12.2.4-canary.7.tgz#99011b91629379d4ec4f7b6e616490be4a58e93e"
  integrity sha512-OZ2A0L3AatBPI3gQfEBWYNB6G3Bablt+ncDPQWJXMHnX8k3g1bcULf67gLfanBuBF5BbLe9kvxNW+a1fTk9Vgg==

"@swc/helpers@0.4.3":
  version "0.4.3"
  resolved "https://registry.yarnpkg.com/@swc/helpers/-/helpers-0.4.3.tgz#16593dfc248c53b699d4b5026040f88ddb497012"
  integrity sha512-6JrF+fdUK2zbGpJIlN7G3v966PQjyx/dPt1T9km2wj+EUBqgrxCk3uX4Kct16MIm9gGxfKRcfax2hVf5jvlTzA==
  dependencies:
    tslib "^2.4.0"

caniuse-lite@^1.0.30001332:
  version "1.0.30001370"
  resolved "https://registry.yarnpkg.com/caniuse-lite/-/caniuse-lite-1.0.30001370.tgz#0a30d4f20d38b9e108cc5ae7cc62df9fe66cd5ba"
  integrity sha512-3PDmaP56wz/qz7G508xzjx8C+MC2qEm4SYhSEzC9IBROo+dGXFWRuaXkWti0A9tuI00g+toiriVqxtWMgl350g==

"js-tokens@^3.0.0 || ^4.0.0":
  version "4.0.0"
  resolved "https://registry.yarnpkg.com/js-tokens/-/js-tokens-4.0.0.tgz#19203fb59991df98e3a287050d4647cdeaf32499"
  integrity sha512-RdJUflcE3cUzKiMqQgsCu06FPu9UdIJO0beYbPhHN4k6apgJtifcoCtT9bcxOpYBtpD2kCM6Sbzg4CausW/PKQ==

loose-envify@^1.1.0:
  version "1.4.0"
  resolved "https://registry.yarnpkg.com/loose-envify/-/loose-envify-1.4.0.tgz#71ee51fa7be4caec1a63839f7e682d8132d30caf"
  integrity sha512-lyuxPGr/Wfhrlem2CL/UcnUc1zcqKAImBDzukY7Y5F/yQiNdko6+fRLevlw1HgMySw7f611UIY408EtxRSoK3Q==
  dependencies:
    js-tokens "^3.0.0 || ^4.0.0"

nanoid@^3.3.4:
  version "3.3.4"
  resolved "https://registry.yarnpkg.com/nanoid/-/nanoid-3.3.4.tgz#730b67e3cd09e2deacf03c027c81c9d9dbc5e8ab"
  integrity sha512-MqBkQh/OHTS2egovRtLk45wEyNXwF+cokD+1YPf9u5VfJiRdAiRwB2froX5Co9Rh20xs4siNPm8naNotSD6RBw==

next@^12.2.4-canary.7:
  version "12.2.4-canary.7"
  resolved "https://registry.yarnpkg.com/next/-/next-12.2.4-canary.7.tgz#14b41946a5fb8435e8d35ef3345c46b809b73185"
  integrity sha512-W9mL35XL5jLAYigLnVZeQi1U6rB18gSCeDXPYq4Dx5Kzx6DKk8r5REjS0wK+FMRDdPhwYBDVwYAAQminyDeD1w==
  dependencies:
    "@next/env" "12.2.4-canary.7"
    "@swc/helpers" "0.4.3"
    caniuse-lite "^1.0.30001332"
    postcss "8.4.14"
    styled-jsx "5.0.2"
    use-sync-external-store "1.2.0"
  optionalDependencies:
    "@next/swc-android-arm-eabi" "12.2.4-canary.7"
    "@next/swc-android-arm64" "12.2.4-canary.7"
    "@next/swc-darwin-arm64" "12.2.4-canary.7"
    "@next/swc-darwin-x64" "12.2.4-canary.7"
    "@next/swc-freebsd-x64" "12.2.4-canary.7"
    "@next/swc-linux-arm-gnueabihf" "12.2.4-canary.7"
    "@next/swc-linux-arm64-gnu" "12.2.4-canary.7"
    "@next/swc-linux-arm64-musl" "12.2.4-canary.7"
    "@next/swc-linux-x64-gnu" "12.2.4-canary.7"
    "@next/swc-linux-x64-musl" "12.2.4-canary.7"
    "@next/swc-win32-arm64-msvc" "12.2.4-canary.7"
    "@next/swc-win32-ia32-msvc" "12.2.4-canary.7"
    "@next/swc-win32-x64-msvc" "12.2.4-canary.7"

picocolors@^1.0.0:
  version "1.0.0"
  resolved "https://registry.yarnpkg.com/picocolors/-/picocolors-1.0.0.tgz#cb5bdc74ff3f51892236eaf79d68bc44564ab81c"
  integrity sha512-1fygroTLlHu66zi26VoTDv8yRgm0Fccecssto+MhsZ0D/DGW2sm8E8AjW7NU5VVTRt5GxbeZ5qBuJr+HyLYkjQ==

postcss@8.4.14:
  version "8.4.14"
  resolved "https://registry.yarnpkg.com/postcss/-/postcss-8.4.14.tgz#ee9274d5622b4858c1007a74d76e42e56fd21caf"
  integrity sha512-E398TUmfAYFPBSdzgeieK2Y1+1cpdxJx8yXbK/m57nRhKSmk1GB2tO4lbLBtlkfPQTDKfe4Xqv1ASWPpayPEig==
  dependencies:
    nanoid "^3.3.4"
    picocolors "^1.0.0"
    source-map-js "^1.0.2"

react-dom@^18.2.0:
  version "18.2.0"
  resolved "https://registry.yarnpkg.com/react-dom/-/react-dom-18.2.0.tgz#22aaf38708db2674ed9ada224ca4aa708d821e3d"
  integrity sha512-6IMTriUmvsjHUjNtEDudZfuDQUoWXVxKHhlEGSk81n4YFS+r/Kl99wXiwlVXtPBtJenozv2P+hxDsw9eA7Xo6g==
  dependencies:
    loose-envify "^1.1.0"
    scheduler "^0.23.0"

react@^18.2.0:
  version "18.2.0"
  resolved "https://registry.yarnpkg.com/react/-/react-18.2.0.tgz#555bd98592883255fa00de14f1151a917b5d77d5"
  integrity sha512-/3IjMdb2L9QbBdWiW5e3P2/npwMBaU9mHCSCUzNln0ZCYbcfTsGbTJrU/kGemdH2IWmB2ioZ+zkxtmq6g09fGQ==
  dependencies:
    loose-envify "^1.1.0"

scheduler@^0.23.0:
  version "0.23.0"
  resolved "https://registry.yarnpkg.com/scheduler/-/scheduler-0.23.0.tgz#ba8041afc3d30eb206a487b6b384002e4e61fdfe"
  integrity sha512-CtuThmgHNg7zIZWAXi3AsyIzA3n4xx7aNyjwC2VJldO2LMVDhFK+63xGqq6CsJH4rTAt6/M+N4GhZiDYPx9eUw==
  dependencies:
    loose-envify "^1.1.0"

source-map-js@^1.0.2:
  version "1.0.2"
  resolved "https://registry.yarnpkg.com/source-map-js/-/source-map-js-1.0.2.tgz#adbc361d9c62df380125e7f161f71c826f1e490c"
  integrity sha512-R0XvVJ9WusLiqTCEiGCmICCMplcCkIwwR11mOSD9CR5u+IXYdiseeEuXCVAjS54zqwkLcPNnmU4OeJ6tUrWhDw==

styled-jsx@5.0.2:
  version "5.0.2"
  resolved "https://registry.yarnpkg.com/styled-jsx/-/styled-jsx-5.0.2.tgz#ff230fd593b737e9e68b630a694d460425478729"
  integrity sha512-LqPQrbBh3egD57NBcHET4qcgshPks+yblyhPlH2GY8oaDgKs8SK4C3dBh3oSJjgzJ3G5t1SYEZGHkP+QEpX9EQ==

tslib@^2.4.0:
  version "2.4.0"
  resolved "https://registry.yarnpkg.com/tslib/-/tslib-2.4.0.tgz#7cecaa7f073ce680a05847aa77be941098f36dc3"
  integrity sha512-d6xOpEDfsi2CZVlPQzGeux8XMwLT9hssAsaPYExaQMuYskwb+x1x7J371tWlbBdWHroy99KnVB6qIkUbs5X3UQ==

use-sync-external-store@1.2.0:
  version "1.2.0"
  resolved "https://registry.yarnpkg.com/use-sync-external-store/-/use-sync-external-store-1.2.0.tgz#7dbefd6ef3fe4e767a0cf5d7287aacfb5846928a"
  integrity sha512-eEgnFxGQ1Ife9bzYs6VLi8/4X6CObHMw9Qr9tPY43iKwsPw8xE8+EFsf/2cFZ5S3esXgpWgtSCtLNS41F+sKPA==
